dependencies:
  esp_websocket_client:
    component_hash: null
    source:
      path: /project/deps/esp-protocols/components/esp_websocket_client
      type: local
    version: 1.2.3
  idf:
    component_hash: null
    source:
      type: idf
    version: 5.4.0
manifest_hash: 8836f77d1b57c48b0da82dcf849366f9c1d87ccd31879fb916f0a5228324581c
target: esp32s3
version: 1.0.0
